
Microsoft Visual Studio Solution File, Format Version 12.00
# Visual Studio Version 16
VisualStudioVersion = 16.0.30907.101
MinimumVisualStudioVersion = 10.0.40219.1
Project("{FAE04EC0-301F-11D3-BF4B-00C04F79EFBC}") = "RecipeTest", "RecipeTest\RecipeTest.csproj", "{CAB6FE51-F402-4577-A0EA-2645472702F3}"
EndProject
Global
	GlobalSection(SolutionConfigurationPlatforms) = preSolution
		Debug|Any CPU = Debug|Any CPU
		Release|Any CPU = Release|Any CPU
	EndGlobalSection
	GlobalSection(ProjectConfigurationPlatforms) = postSolution
		{CAB6FE51-F402-4577-A0EA-2645472702F3}.Debug|Any CPU.ActiveCfg = Debug|Any CPU
		{CAB6FE51-F402-4577-A0EA-2645472702F3}.Debug|Any CPU.Build.0 = Debug|Any CPU
		{CAB6FE51-F402-4577-A0EA-2645472702F3}.Release|Any CPU.ActiveCfg = Release|Any CPU
		{CAB6FE51-F402-4577-A0EA-2645472702F3}.Release|Any CPU.Build.0 = Release|Any CPU
	EndGlobalSection
	GlobalSection(SolutionProperties) = preSolution
		HideSolutionNode = FALSE
	EndGlobalSection
	GlobalSection(ExtensibilityGlobals) = postSolution
		SolutionGuid = {626458C2-EDE2-4CD1-A502-AE137BB25A40}
	EndGlobalSection
EndGlobal
